Microsoft Visual Studio Solution File, Format Version 12.00
# Visual Studio Version 17
VisualStudioVersion = 17.5.2.0
MinimumVisualStudioVersion = 10.0.40219.1
Project("{FAE04EC0-301F-11D3-BF4B-00C04F79EFBC}") = "agentflow-server", "agentflow-server.csproj", "{309CBB77-67A4-7A85-1285-37FFC02C58AA}"
EndProject
Global
	GlobalSection(SolutionConfigurationPlatforms) = preSolution
		Debug|Any CPU = Debug|Any CPU
		Release|Any CPU = Release|Any CPU
	EndGlobalSection
	GlobalSection(ProjectConfigurationPlatforms) = postSolution
		{309CBB77-67A4-7A85-1285-37FFC02C58AA}.Debug|Any CPU.ActiveCfg = Debug|Any CPU
		{309CBB77-67A4-7A85-1285-37FFC02C58AA}.Debug|Any CPU.Build.0 = Debug|Any CPU
		{309CBB77-67A4-7A85-1285-37FFC02C58AA}.Release|Any CPU.ActiveCfg = Release|Any CPU
		{309CBB77-67A4-7A85-1285-37FFC02C58AA}.Release|Any CPU.Build.0 = Release|Any CPU
	EndGlobalSection
	GlobalSection(SolutionProperties) = preSolution
		HideSolutionNode = FALSE
	EndGlobalSection
	GlobalSection(ExtensibilityGlobals) = postSolution
		SolutionGuid = {EBC4E4F8-7CFF-4CF9-BE0A-C0AB9E073839}
	EndGlobalSection
EndGlobal
