{
  "name": "my-web-app",
  "version": "0.1.0",
  "lockfileVersion": 3,
  "requires": true,
  "packages": {
    "": {
      "name": "my-web-app",
      "version": "0.1.0",
      "dependencies": {
        "@types/react": "^19.0.6",
        "@types/react-dom": "^19.0.3"
      },
      "devDependencies": {}
    },
    "node_modules/@types/react": {
      "version": "19.0.6",
      "resolved": "https://registry.npmjs.org/@types/react/-/react-19.0.6.tgz",
      "integrity": "sha512-gIlMztcTeDgXCUj0vCBOqEuSEhX//63fW9SZtCJ+agxoQTOklwDfiEMlTWn4mR/C/UK5VHlpwsCsOyf7/hc4lw==",
      "license": "MIT",
      "dependencies": {
        "csstype": "^3.0.2"
      }
    },
    "node_modules/@types/react-dom": {
      "version": "19.0.3",
      "resolved": "https://registry.npmjs.org/@types/react-dom/-/react-dom-19.0.3.tgz",
      "integrity": "sha512-0Knk+HJiMP/qOZgMyNFamlIjw9OFCsyC2ZbigmEEyXXixgre6IQpm/4V+r3qH4GC1JPvRJKInw+on2rV6YZLeA==",
      "license": "MIT",
      "peerDependencies": {
        "@types/react": "^19.0.0"
      }
    },
    "node_modules/csstype": {
      "version": "3.1.3",
      "resolved": "https://registry.npmjs.org/csstype/-/csstype-3.1.3.tgz",
      "integrity": "sha512-M1uQkMl8rQK/szD0LNhtqxIPLpimGm8sOBwU7lLnCpSbTyY3yeU1Vc7l4KT5zT4s/yOxHH5O7tIuuLOCnLADRw==",
      "license": "MIT"
    }
  }
}
